// !$*UTF8*$!
{
	archiveVersion = 1;
	classes = {
	};
	objectVersion = 46;
	objects = {

/* Begin PBXBuildFile section */
		FD39D4591DF7FC16000026E9 /* AppDelegate.swift in Sources */ = {isa = PBXBuildFile; fileRef = FD39D4581DF7FC16000026E9 /* AppDelegate.swift */; };
		FD39D45B1DF7FC16000026E9 /* ViewController.swift in Sources */ = {isa = PBXBuildFile; fileRef = FD39D45A1DF7FC16000026E9 /* ViewController.swift */; };
		FD39D45E1DF7FC16000026E9 /* Main.storyboard in Resources */ = {isa = PBXBuildFile; fileRef = FD39D45C1DF7FC16000026E9 /* Main.storyboard */; };
		FD39D4601DF7FC16000026E9 /* Assets.xcassets in Resources */ = {isa = PBXBuildFile; fileRef = FD39D45F1DF7FC16000026E9 /* Assets.xcassets */; };
		FD39D4631DF7FC16000026E9 /* LaunchScreen.storyboard in Resources */ = {isa = PBXBuildFile; fileRef = FD39D4611DF7FC16000026E9 /* LaunchScreen.storyboard */; };
		FD39D46E1DF7FC16000026E9 /* QRCodeDemoTests.swift in Sources */ = {isa = PBXBuildFile; fileRef = FD39D46D1DF7FC16000026E9 /* QRCodeDemoTests.swift */; };
		FD39D4791DF7FC16000026E9 /* QRCodeDemoUITests.swift in Sources */ = {isa = PBXBuildFile; fileRef = FD39D4781DF7FC16000026E9 /* QRCodeDemoUITests.swift */; };
		FD39D48A1DF7FC68000026E9 /* QRCodeCreatViewController.swift in Sources */ = {isa = PBXBuildFile; fileRef = FD39D4871DF7FC68000026E9 /* QRCodeCreatViewController.swift */; };
		FD39D48B1DF7FC68000026E9 /* QRCodeViewController.storyboard in Resources */ = {isa = PBXBuildFile; fileRef = FD39D4881DF7FC68000026E9 /* QRCodeViewController.storyboard */; };
		FD39D48C1DF7FC68000026E9 /* QRCodeViewController.swift in Sources */ = {isa = PBXBuildFile; fileRef = FD39D4891DF7FC68000026E9 /* QRCodeViewController.swift */; };
		FD39D4E31E00DF04000026E9 /* qrcode_border@2x.png in Resources */ = {isa = PBXBuildFile; fileRef = FD39D4E11E00DF04000026E9 /* qrcode_border@2x.png */; };
		FD39D4E51E00DF28000026E9 /* qrcode_scanline_qrcode@2x.png in Resources */ = {isa = PBXBuildFile; fileRef = FD39D4E41E00DF28000026E9 /* qrcode_scanline_qrcode@2x.png */; };
/* End PBXBuildFile section */

/* Begin PBXContainerItemProxy section */
		FD39D46A1DF7FC16000026E9 /* PBXContainerItemProxy */ = {
			isa = PBXContainerItemProxy;
			containerPortal = FD39D44D1DF7FC16000026E9 /* Project object */;
			proxyType = 1;
			remoteGlobalIDString = FD39D4541DF7FC16000026E9;
			remoteInfo = QRCodeDemo;
		};
		FD39D4751DF7FC16000026E9 /* PBXContainerItemProxy */ = {
			isa = PBXContainerItemProxy;
			containerPortal = FD39D44D1DF7FC16000026E9 /* Project object */;
			proxyType = 1;
			remoteGlobalIDString = FD39D4541DF7FC16000026E9;
			remoteInfo = QRCodeDemo;
		};
/* End PBXContainerItemProxy section */

/* Begin PBXFileReference section */
		FD39D4551DF7FC16000026E9 /* QRCodeDemo.app */ = {isa = PBXFileReference; explicitFileType = wrapper.application; includeInIndex = 0; path = QRCodeDemo.app; sourceTree = BUILT_PRODUCTS_DIR; };
		FD39D4581DF7FC16000026E9 /* AppDelegate.swift */ = {isa = PBXFileReference; lastKnownFileType = sourcecode.swift; path = AppDelegate.swift; sourceTree = "<group>"; };
		FD39D45A1DF7FC16000026E9 /* ViewController.swift */ = {isa = PBXFileReference; lastKnownFileType = sourcecode.swift; path = ViewController.swift; sourceTree = "<group>"; };
		FD39D45D1DF7FC16000026E9 /* Base */ = {isa = PBXFileReference; lastKnownFileType = file.storyboard; name = Base; path = Base.lproj/Main.storyboard; sourceTree = "<group>"; };
		FD39D45F1DF7FC16000026E9 /* Assets.xcassets */ = {isa = PBXFileReference; lastKnownFileType = folder.assetcatalog; path = Assets.xcassets; sourceTree = "<group>"; };
		FD39D4621DF7FC16000026E9 /* Base */ = {isa = PBXFileReference; lastKnownFileType = file.storyboard; name = Base; path = Base.lproj/LaunchScreen.storyboard; sourceTree = "<group>"; };
		FD39D4641DF7FC16000026E9 /* Info.plist */ = {isa = PBXFileReference; lastKnownFileType = text.plist.xml; path = Info.plist; sourceTree = "<group>"; };
		FD39D4691DF7FC16000026E9 /* QRCodeDemoTests.xctest */ = {isa = PBXFileReference; explicitFileType = wrapper.cfbundle; includeInIndex = 0; path = QRCodeDemoTests.xctest; sourceTree = BUILT_PRODUCTS_DIR; };
		FD39D46D1DF7FC16000026E9 /* QRCodeDemoTests.swift */ = {isa = PBXFileReference; lastKnownFileType = sourcecode.swift; path = QRCodeDemoTests.swift; sourceTree = "<group>"; };
		FD39D46F1DF7FC16000026E9 /* Info.plist */ = {isa = PBXFileReference; lastKnownFileType = text.plist.xml; path = Info.plist; sourceTree = "<group>"; };
		FD39D4741DF7FC16000026E9 /* QRCodeDemoUITests.xctest */ = {isa = PBXFileReference; explicitFileType = wrapper.cfbundle; includeInIndex = 0; path = QRCodeDemoUITests.xctest; sourceTree = BUILT_PRODUCTS_DIR; };
		FD39D4781DF7FC16000026E9 /* QRCodeDemoUITests.swift */ = {isa = PBXFileReference; lastKnownFileType = sourcecode.swift; path = QRCodeDemoUITests.swift; sourceTree = "<group>"; };
		FD39D47A1DF7FC16000026E9 /* Info.plist */ = {isa = PBXFileReference; lastKnownFileType = text.plist.xml; path = Info.plist; sourceTree = "<group>"; };
		FD39D4871DF7FC68000026E9 /* QRCodeCreatViewController.swift */ = {isa = PBXFileReference; fileEncoding = 4; lastKnownFileType = sourcecode.swift; path = QRCodeCreatViewController.swift; sourceTree = "<group>"; };
		FD39D4881DF7FC68000026E9 /* QRCodeViewController.storyboard */ = {isa = PBXFileReference; fileEncoding = 4; lastKnownFileType = file.storyboard; path = QRCodeViewController.storyboard; sourceTree = "<group>"; };
		FD39D4891DF7FC68000026E9 /* QRCodeViewController.swift */ = {isa = PBXFileReference; fileEncoding = 4; lastKnownFileType = sourcecode.swift; path = QRCodeViewController.swift; sourceTree = "<group>"; };
		FD39D4E11E00DF04000026E9 /* qrcode_border@2x.png */ = {isa = PBXFileReference; lastKnownFileType = image.png; path = "qrcode_border@2x.png"; sourceTree = "<group>"; };
		FD39D4E41E00DF28000026E9 /* qrcode_scanline_qrcode@2x.png */ = {isa = PBXFileReference; lastKnownFileType = image.png; path = "qrcode_scanline_qrcode@2x.png"; sourceTree = "<group>"; };
/* End PBXFileReference section */

/* Begin PBXFrameworksBuildPhase section */
		FD39D4521DF7FC16000026E9 /* Frameworks */ = {
			isa = PBXFrameworksBuildPhase;
			buildActionMask = 2147483647;
			files = (
			);
			runOnlyForDeploymentPostprocessing = 0;
		};
		FD39D4661DF7FC16000026E9 /* Frameworks */ = {
			isa = PBXFrameworksBuildPhase;
			buildActionMask = 2147483647;
			files = (
			);
			runOnlyForDeploymentPostprocessing = 0;
		};
		FD39D4711DF7FC16000026E9 /* Frameworks */ = {
			isa = PBXFrameworksBuildPhase;
			buildActionMask = 2147483647;
			files = (
			);
			runOnlyForDeploymentPostprocessing = 0;
		};
/* End PBXFrameworksBuildPhase section */

/* Begin PBXGroup section */
		FD39D44C1DF7FC16000026E9 = {
			isa = PBXGroup;
			children = (
				FD39D4571DF7FC16000026E9 /* QRCodeDemo */,
				FD39D46C1DF7FC16000026E9 /* QRCodeDemoTests */,
				FD39D4771DF7FC16000026E9 /* QRCodeDemoUITests */,
				FD39D4561DF7FC16000026E9 /* Products */,
			);
			sourceTree = "<group>";
		};
		FD39D4561DF7FC16000026E9 /* Products */ = {
			isa = PBXGroup;
			children = (
				FD39D4551DF7FC16000026E9 /* QRCodeDemo.app */,
				FD39D4691DF7FC16000026E9 /* QRCodeDemoTests.xctest */,
				FD39D4741DF7FC16000026E9 /* QRCodeDemoUITests.xctest */,
			);
			name = Products;
			sourceTree = "<group>";
		};
		FD39D4571DF7FC16000026E9 /* QRCodeDemo */ = {
			isa = PBXGroup;
			children = (
				FD39D4581DF7FC16000026E9 /* AppDelegate.swift */,
				FD39D45A1DF7FC16000026E9 /* ViewController.swift */,
				FD39D4861DF7FC3F000026E9 /* QRCode */,
				FD39D45C1DF7FC16000026E9 /* Main.storyboard */,
				FD39D45F1DF7FC16000026E9 /* Assets.xcassets */,
				FD39D4611DF7FC16000026E9 /* LaunchScreen.storyboard */,
				FD39D4641DF7FC16000026E9 /* Info.plist */,
			);
			path = QRCodeDemo;
			sourceTree = "<group>";
		};
		FD39D46C1DF7FC16000026E9 /* QRCodeDemoTests */ = {
			isa = PBXGroup;
			children = (
				FD39D46D1DF7FC16000026E9 /* QRCodeDemoTests.swift */,
				FD39D46F1DF7FC16000026E9 /* Info.plist */,
			);
			path = QRCodeDemoTests;
			sourceTree = "<group>";
		};
		FD39D4771DF7FC16000026E9 /* QRCodeDemoUITests */ = {
			isa = PBXGroup;
			children = (
				FD39D4781DF7FC16000026E9 /* QRCodeDemoUITests.swift */,
				FD39D47A1DF7FC16000026E9 /* Info.plist */,
			);
			path = QRCodeDemoUITests;
			sourceTree = "<group>";
		};
		FD39D4861DF7FC3F000026E9 /* QRCode */ = {
			isa = PBXGroup;
			children = (
				FD39D4871DF7FC68000026E9 /* QRCodeCreatViewController.swift */,
				FD39D4881DF7FC68000026E9 /* QRCodeViewController.storyboard */,
				FD39D4891DF7FC68000026E9 /* QRCodeViewController.swift */,
				FD39D4DF1E00DCF9000026E9 /* Images */,
			);
			name = QRCode;
			sourceTree = "<group>";
		};
		FD39D4DF1E00DCF9000026E9 /* Images */ = {
			isa = PBXGroup;
			children = (
				FD39D4E41E00DF28000026E9 /* qrcode_scanline_qrcode@2x.png */,
				FD39D4E11E00DF04000026E9 /* qrcode_border@2x.png */,
			);
			name = Images;
			sourceTree = "<group>";
		};
/* End PBXGroup section */

/* Begin PBXNativeTarget section */
		FD39D4541DF7FC16000026E9 /* QRCodeDemo */ = {
			isa = PBXNativeTarget;
			buildConfigurationList = FD39D47D1DF7FC16000026E9 /* Build configuration list for PBXNativeTarget "QRCodeDemo" */;
			buildPhases = (
				FD39D4511DF7FC16000026E9 /* Sources */,
				FD39D4521DF7FC16000026E9 /* Frameworks */,
				FD39D4531DF7FC16000026E9 /* Resources */,
			);
			buildRules = (
			);
			dependencies = (
			);
			name = QRCodeDemo;
			productName = QRCodeDemo;
			productReference = FD39D4551DF7FC16000026E9 /* QRCodeDemo.app */;
			productType = "com.apple.product-type.application";
		};
		FD39D4681DF7FC16000026E9 /* QRCodeDemoTests */ = {
			isa = PBXNativeTarget;
			buildConfigurationList = FD39D4801DF7FC16000026E9 /* Build configuration list for PBXNativeTarget "QRCodeDemoTests" */;
			buildPhases = (
				FD39D4651DF7FC16000026E9 /* Sources */,
				FD39D4661DF7FC16000026E9 /* Frameworks */,
				FD39D4671DF7FC16000026E9 /* Resources */,
			);
			buildRules = (
			);
			dependencies = (
				FD39D46B1DF7FC16000026E9 /* PBXTargetDependency */,
			);
			name = QRCodeDemoTests;
			productName = QRCodeDemoTests;
			productReference = FD39D4691DF7FC16000026E9 /* QRCodeDemoTests.xctest */;
			productType = "com.apple.product-type.bundle.unit-test";
		};
		FD39D4731DF7FC16000026E9 /* QRCodeDemoUITests */ = {
			isa = PBXNativeTarget;
			buildConfigurationList = FD39D4831DF7FC16000026E9 /* Build configuration list for PBXNativeTarget "QRCodeDemoUITests" */;
			buildPhases = (
				FD39D4701DF7FC16000026E9 /* Sources */,
				FD39D4711DF7FC16000026E9 /* Frameworks */,
				FD39D4721DF7FC16000026E9 /* Resources */,
			);
			buildRules = (
			);
			dependencies = (
				FD39D4761DF7FC16000026E9 /* PBXTargetDependency */,
			);
			name = QRCodeDemoUITests;
			productName = QRCodeDemoUITests;
			productReference = FD39D4741DF7FC16000026E9 /* QRCodeDemoUITests.xctest */;
			productType = "com.apple.product-type.bundle.ui-testing";
		};
/* End PBXNativeTarget section */

/* Begin PBXProject section */
		FD39D44D1DF7FC16000026E9 /* Project object */ = {
			isa = PBXProject;
			attributes = {
				LastSwiftUpdateCheck = 0810;
				LastUpgradeCheck = 0810;
				ORGANIZATIONNAME = "今晚打老虎";
				TargetAttributes = {
					FD39D4541DF7FC16000026E9 = {
						CreatedOnToolsVersion = 8.1;
						DevelopmentTeam = 4TT2XH3PYW;
						ProvisioningStyle = Automatic;
					};
					FD39D4681DF7FC16000026E9 = {
						CreatedOnToolsVersion = 8.1;
						DevelopmentTeam = 4TT2XH3PYW;
						ProvisioningStyle = Automatic;
						TestTargetID = FD39D4541DF7FC16000026E9;
					};
					FD39D4731DF7FC16000026E9 = {
						CreatedOnToolsVersion = 8.1;
						DevelopmentTeam = 4TT2XH3PYW;
						ProvisioningStyle = Automatic;
						TestTargetID = FD39D4541DF7FC16000026E9;
					};
				};
			};
			buildConfigurationList = FD39D4501DF7FC16000026E9 /* Build configuration list for PBXProject "QRCodeDemo" */;
			compatibilityVersion = "Xcode 3.2";
			developmentRegion = English;
			hasScannedForEncodings = 0;
			knownRegions = (
				en,
				Base,
			);
			mainGroup = FD39D44C1DF7FC16000026E9;
			productRefGroup = FD39D4561DF7FC16000026E9 /* Products */;
			projectDirPath = "";
			projectRoot = "";
			targets = (
				FD39D4541DF7FC16000026E9 /* QRCodeDemo */,
				FD39D4681DF7FC16000026E9 /* QRCodeDemoTests */,
				FD39D4731DF7FC16000026E9 /* QRCodeDemoUITests */,
			);
		};
/* End PBXProject section */

/* Begin PBXResourcesBuildPhase section */
		FD39D4531DF7FC16000026E9 /* Resources */ = {
			isa = PBXResourcesBuildPhase;
			buildActionMask = 2147483647;
			files = (
				FD39D4E31E00DF04000026E9 /* qrcode_border@2x.png in Resources */,
				FD39D4E51E00DF28000026E9 /* qrcode_scanline_qrcode@2x.png in Resources */,
				FD39D4631DF7FC16000026E9 /* LaunchScreen.storyboard in Resources */,
				FD39D4601DF7FC16000026E9 /* Assets.xcassets in Resources */,
				FD39D45E1DF7FC16000026E9 /* Main.storyboard in Resources */,
				FD39D48B1DF7FC68000026E9 /* QRCodeViewController.storyboard in Resources */,
			);
			runOnlyForDeploymentPostprocessing = 0;
		};
		FD39D4671DF7FC16000026E9 /* Resources */ = {
			isa = PBXResourcesBuildPhase;
			buildActionMask = 2147483647;
			files = (
			);
			runOnlyForDeploymentPostprocessing = 0;
		};
		FD39D4721DF7FC16000026E9 /* Resources */ = {
			isa = PBXResourcesBuildPhase;
			buildActionMask = 2147483647;
			files = (
			);
			runOnlyForDeploymentPostprocessing = 0;
		};
/* End PBXResourcesBuildPhase section */

/* Begin PBXSourcesBuildPhase section */
		FD39D4511DF7FC16000026E9 /* Sources */ = {
			isa = PBXSourcesBuildPhase;
			buildActionMask = 2147483647;
			files = (
				FD39D45B1DF7FC16000026E9 /* ViewController.swift in Sources */,
				FD39D4591DF7FC16000026E9 /* AppDelegate.swift in Sources */,
				FD39D48C1DF7FC68000026E9 /* QRCodeViewController.swift in Sources */,
				FD39D48A1DF7FC68000026E9 /* QRCodeCreatViewController.swift in Sources */,
			);
			runOnlyForDeploymentPostprocessing = 0;
		};
		FD39D4651DF7FC16000026E9 /* Sources */ = {
			isa = PBXSourcesBuildPhase;
			buildActionMask = 2147483647;
			files = (
				FD39D46E1DF7FC16000026E9 /* QRCodeDemoTests.swift in Sources */,
			);
			runOnlyForDeploymentPostprocessing = 0;
		};
		FD39D4701DF7FC16000026E9 /* Sources */ = {
			isa = PBXSourcesBuildPhase;
			buildActionMask = 2147483647;
			files = (
				FD39D4791DF7FC16000026E9 /* QRCodeDemoUITests.swift in Sources */,
			);
			runOnlyForDeploymentPostprocessing = 0;
		};
/* End PBXSourcesBuildPhase section */

/* Begin PBXTargetDependency section */
		FD39D46B1DF7FC16000026E9 /* PBXTargetDependency */ = {
			isa = PBXTargetDependency;
			target = FD39D4541DF7FC16000026E9 /* QRCodeDemo */;
			targetProxy = FD39D46A1DF7FC16000026E9 /* PBXContainerItemProxy */;
		};
		FD39D4761DF7FC16000026E9 /* PBXTargetDependency */ = {
			isa = PBXTargetDependency;
			target = FD39D4541DF7FC16000026E9 /* QRCodeDemo */;
			targetProxy = FD39D4751DF7FC16000026E9 /* PBXContainerItemProxy */;
		};
/* End PBXTargetDependency section */

/* Begin PBXVariantGroup section */
		FD39D45C1DF7FC16000026E9 /* Main.storyboard */ = {
			isa = PBXVariantGroup;
			children = (
				FD39D45D1DF7FC16000026E9 /* Base */,
			);
			name = Main.storyboard;
			sourceTree = "<group>";
		};
		FD39D4611DF7FC16000026E9 /* LaunchScreen.storyboard */ = {
			isa = PBXVariantGroup;
			children = (
				FD39D4621DF7FC16000026E9 /* Base */,
			);
			name = LaunchScreen.storyboard;
			sourceTree = "<group>";
		};
/* End PBXVariantGroup section */

/* Begin XCBuildConfiguration section */
		FD39D47B1DF7FC16000026E9 /* Debug */ = {
			isa = XCBuildConfiguration;
			buildSettings = {
				ALWAYS_SEARCH_USER_PATHS = NO;
				CLANG_ANALYZER_NONNULL = YES;
				CLANG_CXX_LANGUAGE_STANDARD = "gnu++0x";
				CLANG_CXX_LIBRARY = "libc++";
				CLANG_ENABLE_MODULES = YES;
				CLANG_ENABLE_OBJC_ARC = YES;
				CLANG_WARN_BOOL_CONVERSION = YES;
				CLANG_WARN_CONSTANT_CONVERSION = YES;
				CLANG_WARN_DIRECT_OBJC_ISA_USAGE = YES_ERROR;
				CLANG_WARN_DOCUMENTATION_COMMENTS = YES;
				CLANG_WARN_EMPTY_BODY = YES;
				CLANG_WARN_ENUM_CONVERSION = YES;
				CLANG_WARN_INFINITE_RECURSION = YES;
				CLANG_WARN_INT_CONVERSION = YES;
				CLANG_WARN_OBJC_ROOT_CLASS = YES_ERROR;
				CLANG_WARN_SUSPICIOUS_MOVES = YES;
				CLANG_WARN_UNREACHABLE_CODE = YES;
				CLANG_WARN__DUPLICATE_METHOD_MATCH = YES;
				"CODE_SIGN_IDENTITY[sdk=iphoneos*]" = "iPhone Developer";
				COPY_PHASE_STRIP = NO;
				DEBUG_INFORMATION_FORMAT = dwarf;
				ENABLE_STRICT_OBJC_MSGSEND = YES;
				ENABLE_TESTABILITY = YES;
				GCC_C_LANGUAGE_STANDARD = gnu99;
				GCC_DYNAMIC_NO_PIC = NO;
				GCC_NO_COMMON_BLOCKS = YES;
				GCC_OPTIMIZATION_LEVEL = 0;
				GCC_PREPROCESSOR_DEFINITIONS = (
					"DEBUG=1",
					"$(inherited)",
				);
				GCC_WARN_64_TO_32_BIT_CONVERSION = YES;
				GCC_WARN_ABOUT_RETURN_TYPE = YES_ERROR;
				GCC_WARN_UNDECLARED_SELECTOR = YES;
				GCC_WARN_UNINITIALIZED_AUTOS = YES_AGGRESSIVE;
				GCC_WARN_UNUSED_FUNCTION = YES;
				GCC_WARN_UNUSED_VARIABLE = YES;
				IPHONEOS_DEPLOYMENT_TARGET = 10.1;
				MTL_ENABLE_DEBUG_INFO = YES;
				ONLY_ACTIVE_ARCH = YES;
				SDKROOT = iphoneos;
				SWIFT_ACTIVE_COMPILATION_CONDITIONS = DEBUG;
				SWIFT_OPTIMIZATION_LEVEL = "-Onone";
			};
			name = Debug;
		};
		FD39D47C1DF7FC16000026E9 /* Release */ = {
			isa = XCBuildConfiguration;
			buildSettings = {
				ALWAYS_SEARCH_USER_PATHS = NO;
				CLANG_ANALYZER_NONNULL = YES;
				CLANG_CXX_LANGUAGE_STANDARD = "gnu++0x";
				CLANG_CXX_LIBRARY = "libc++";
				CLANG_ENABLE_MODULES = YES;
				CLANG_ENABLE_OBJC_ARC = YES;
				CLANG_WARN_BOOL_CONVERSION = YES;
				CLANG_WARN_CONSTANT_CONVERSION = YES;
				CLANG_WARN_DIRECT_OBJC_ISA_USAGE = YES_ERROR;
				CLANG_WARN_DOCUMENTATION_COMMENTS = YES;
				CLANG_WARN_EMPTY_BODY = YES;
				CLANG_WARN_ENUM_CONVERSION = YES;
				CLANG_WARN_INFINITE_RECURSION = YES;
				CLANG_WARN_INT_CONVERSION = YES;
				CLANG_WARN_OBJC_ROOT_CLASS = YES_ERROR;
				CLANG_WARN_SUSPICIOUS_MOVES = YES;
				CLANG_WARN_UNREACHABLE_CODE = YES;
				CLANG_WARN__DUPLICATE_METHOD_MATCH = YES;
				"CODE_SIGN_IDENTITY[sdk=iphoneos*]" = "iPhone Developer";
				COPY_PHASE_STRIP = NO;
				DEBUG_INFORMATION_FORMAT = "dwarf-with-dsym";
				ENABLE_NS_ASSERTIONS = NO;
				ENABLE_STRICT_OBJC_MSGSEND = YES;
				GCC_C_LANGUAGE_STANDARD = gnu99;
				GCC_NO_COMMON_BLOCKS = YES;
				GCC_WARN_64_TO_32_BIT_CONVERSION = YES;
				GCC_WARN_ABOUT_RETURN_TYPE = YES_ERROR;
				GCC_WARN_UNDECLARED_SELECTOR = YES;
				GCC_WARN_UNINITIALIZED_AUTOS = YES_AGGRESSIVE;
				GCC_WARN_UNUSED_FUNCTION = YES;
				GCC_WARN_UNUSED_VARIABLE = YES;
				IPHONEOS_DEPLOYMENT_TARGET = 10.1;
				MTL_ENABLE_DEBUG_INFO = NO;
				SDKROOT = iphoneos;
				SWIFT_OPTIMIZATION_LEVEL = "-Owholemodule";
				VALIDATE_PRODUCT = YES;
			};
			name = Release;
		};
		FD39D47E1DF7FC16000026E9 /* Debug */ = {
			isa = XCBuildConfiguration;
			buildSettings = {
				ASSETCATALOG_COMPILER_APPICON_NAME = AppIcon;
				DEVELOPMENT_TEAM = 4TT2XH3PYW;
				INFOPLIST_FILE = QRCodeDemo/Info.plist;
				LD_RUNPATH_SEARCH_PATHS = "$(inherited) @executable_path/Frameworks";
				PRODUCT_BUNDLE_IDENTIFIER = wd.QRCodeDemo;
				PRODUCT_NAME = "$(TARGET_NAME)";
				SWIFT_VERSION = 3.0;
			};
			name = Debug;
		};
		FD39D47F1DF7FC16000026E9 /* Release */ = {
			isa = XCBuildConfiguration;
			buildSettings = {
				ASSETCATALOG_COMPILER_APPICON_NAME = AppIcon;
				DEVELOPMENT_TEAM = 4TT2XH3PYW;
				INFOPLIST_FILE = QRCodeDemo/Info.plist;
				LD_RUNPATH_SEARCH_PATHS = "$(inherited) @executable_path/Frameworks";
				PRODUCT_BUNDLE_IDENTIFIER = wd.QRCodeDemo;
				PRODUCT_NAME = "$(TARGET_NAME)";
				SWIFT_VERSION = 3.0;
			};
			name = Release;
		};
		FD39D4811DF7FC16000026E9 /* Debug */ = {
			isa = XCBuildConfiguration;
			buildSettings = {
				ALWAYS_EMBED_SWIFT_STANDARD_LIBRARIES = YES;
				BUNDLE_LOADER = "$(TEST_HOST)";
				DEVELOPMENT_TEAM = 4TT2XH3PYW;
				INFOPLIST_FILE = QRCodeDemoTests/Info.plist;
				LD_RUNPATH_SEARCH_PATHS = "$(inherited) @executable_path/Frameworks @loader_path/Frameworks";
				PRODUCT_BUNDLE_IDENTIFIER = "-----.QRCodeDemoTests";
				PRODUCT_NAME = "$(TARGET_NAME)";
				SWIFT_VERSION = 3.0;
				TEST_HOST = "$(BUILT_PRODUCTS_DIR)/QRCodeDemo.app/QRCodeDemo";
			};
			name = Debug;
		};
		FD39D4821DF7FC16000026E9 /* Release */ = {
			isa = XCBuildConfiguration;
			buildSettings = {
				ALWAYS_EMBED_SWIFT_STANDARD_LIBRARIES = YES;
				BUNDLE_LOADER = "$(TEST_HOST)";
				DEVELOPMENT_TEAM = 4TT2XH3PYW;
				INFOPLIST_FILE = QRCodeDemoTests/Info.plist;
				LD_RUNPATH_SEARCH_PATHS = "$(inherited) @executable_path/Frameworks @loader_path/Frameworks";
				PRODUCT_BUNDLE_IDENTIFIER = "-----.QRCodeDemoTests";
				PRODUCT_NAME = "$(TARGET_NAME)";
				SWIFT_VERSION = 3.0;
				TEST_HOST = "$(BUILT_PRODUCTS_DIR)/QRCodeDemo.app/QRCodeDemo";
			};
			name = Release;
		};
		FD39D4841DF7FC16000026E9 /* Debug */ = {
			isa = XCBuildConfiguration;
			buildSettings = {
				ALWAYS_EMBED_SWIFT_STANDARD_LIBRARIES = YES;
				DEVELOPMENT_TEAM = 4TT2XH3PYW;
				INFOPLIST_FILE = QRCodeDemoUITests/Info.plist;
				LD_RUNPATH_SEARCH_PATHS = "$(inherited) @executable_path/Frameworks @loader_path/Frameworks";
				PRODUCT_BUNDLE_IDENTIFIER = "-----.QRCodeDemoUITests";
				PRODUCT_NAME = "$(TARGET_NAME)";
				SWIFT_VERSION = 3.0;
				TEST_TARGET_NAME = QRCodeDemo;
			};
			name = Debug;
		};
		FD39D4851DF7FC16000026E9 /* Release */ = {
			isa = XCBuildConfiguration;
			buildSettings = {
				ALWAYS_EMBED_SWIFT_STANDARD_LIBRARIES = YES;
				DEVELOPMENT_TEAM = 4TT2XH3PYW;
				INFOPLIST_FILE = QRCodeDemoUITests/Info.plist;
				LD_RUNPATH_SEARCH_PATHS = "$(inherited) @executable_path/Frameworks @loader_path/Frameworks";
				PRODUCT_BUNDLE_IDENTIFIER = "-----.QRCodeDemoUITests";
				PRODUCT_NAME = "$(TARGET_NAME)";
				SWIFT_VERSION = 3.0;
				TEST_TARGET_NAME = QRCodeDemo;
			};
			name = Release;
		};
/* End XCBuildConfiguration section */

/* Begin XCConfigurationList section */
		FD39D4501DF7FC16000026E9 /* Build configuration list for PBXProject "QRCodeDemo" */ = {
			isa = XCConfigurationList;
			buildConfigurations = (
				FD39D47B1DF7FC16000026E9 /* Debug */,
				FD39D47C1DF7FC16000026E9 /* Release */,
			);
			defaultConfigurationIsVisible = 0;
			defaultConfigurationName = Release;
		};
		FD39D47D1DF7FC16000026E9 /* Build configuration list for PBXNativeTarget "QRCodeDemo" */ = {
			isa = XCConfigurationList;
			buildConfigurations = (
				FD39D47E1DF7FC16000026E9 /* Debug */,
				FD39D47F1DF7FC16000026E9 /* Release */,
			);
			defaultConfigurationIsVisible = 0;
			defaultConfigurationName = Release;
		};
		FD39D4801DF7FC16000026E9 /* Build configuration list for PBXNativeTarget "QRCodeDemoTests" */ = {
			isa = XCConfigurationList;
			buildConfigurations = (
				FD39D4811DF7FC16000026E9 /* Debug */,
				FD39D4821DF7FC16000026E9 /* Release */,
			);
			defaultConfigurationIsVisible = 0;
			defaultConfigurationName = Release;
		};
		FD39D4831DF7FC16000026E9 /* Build configuration list for PBXNativeTarget "QRCodeDemoUITests" */ = {
			isa = XCConfigurationList;
			buildConfigurations = (
				FD39D4841DF7FC16000026E9 /* Debug */,
				FD39D4851DF7FC16000026E9 /* Release */,
			);
			defaultConfigurationIsVisible = 0;
			defaultConfigurationName = Release;
		};
/* End XCConfigurationList section */
	};
	rootObject = FD39D44D1DF7FC16000026E9 /* Project object */;
}
